
Microsoft Visual Studio Solution File, Format Version 12.00
# Visual Studio Version 17
VisualStudioVersion = 17.7.34024.191
MinimumVisualStudioVersion = 10.0.40219.1
Project("{FAE04EC0-301F-11D3-BF4B-00C04F79EFBC}") = "Ishita 15ConsoleApp1", "Ishita 15ConsoleApp1\Ishita 15ConsoleApp1.csproj", "{F3CA8415-BE28-4E6E-A10B-F6B39A62E286}"
EndProject
Global
	GlobalSection(SolutionConfigurationPlatforms) = preSolution
		Debug|Any CPU = Debug|Any CPU
		Release|Any CPU = Release|Any CPU
	EndGlobalSection
	GlobalSection(ProjectConfigurationPlatforms) = postSolution
		{F3CA8415-BE28-4E6E-A10B-F6B39A62E286}.Debug|Any CPU.ActiveCfg = Debug|Any CPU
		{F3CA8415-BE28-4E6E-A10B-F6B39A62E286}.Debug|Any CPU.Build.0 = Debug|Any CPU
		{F3CA8415-BE28-4E6E-A10B-F6B39A62E286}.Release|Any CPU.ActiveCfg = Release|Any CPU
		{F3CA8415-BE28-4E6E-A10B-F6B39A62E286}.Release|Any CPU.Build.0 = Release|Any CPU
	EndGlobalSection
	GlobalSection(SolutionProperties) = preSolution
		HideSolutionNode = FALSE
	EndGlobalSection
	GlobalSection(ExtensibilityGlobals) = postSolution
		SolutionGuid = {6175C9E6-9E3E-4AFD-8AF0-70513258826D}
	EndGlobalSection
EndGlobal
